// !$*UTF8*$!
{
	archiveVersion = 1;
	classes = {
	};
	objectVersion = 56;
	objects = {

/* Begin PBXBuildFile section */
		552AC9BC2DC28C690047A44C /* star_animation.GIF in Resources */ = {isa = PBXBuildFile; fileRef = 552AC9BB2DC28C690047A44C /* star_animation.GIF */; };
		555DD5FA2DBFEB84009F51EE /* challenge4App.swift in Sources */ = {isa = PBXBuildFile; fileRef = 555DD5F92DBFEB84009F51EE /* challenge4App.swift */; };
		555DD5FC2DBFEB84009F51EE /* ContentView.swift in Sources */ = {isa = PBXBuildFile; fileRef = 555DD5FB2DBFEB84009F51EE /* ContentView.swift */; };
		555DD5FE2DBFEB86009F51EE /* Assets.xcassets in Resources */ = {isa = PBXBuildFile; fileRef = 555DD5FD2DBFEB86009F51EE /* Assets.xcassets */; };
		555DD6012DBFEB86009F51EE /* Preview Assets.xcassets in Resources */ = {isa = PBXBuildFile; fileRef = 555DD6002DBFEB86009F51EE /* Preview Assets.xcassets */; };
		55927B3A2DC13E0C00E2CAFD /* GifImage.swift in Sources */ = {isa = PBXBuildFile; fileRef = 55927B392DC13E0C00E2CAFD /* GifImage.swift */; };
		55927B3C2DC14BE500E2CAFD /* CoreModelView.swift in Sources */ = {isa = PBXBuildFile; fileRef = 55927B3B2DC14BE500E2CAFD /* CoreModelView.swift */; };
		55927B3E2DC14DB400E2CAFD /* SignosClassifier.mlmodel in Sources */ = {isa = PBXBuildFile; fileRef = 55927B3D2DC14DB400E2CAFD /* SignosClassifier.mlmodel */; };
		55BFAD662DC2917B0078B878 /* star.animation.2.gif in Resources */ = {isa = PBXBuildFile; fileRef = 55BFAD652DC2917A0078B878 /* star.animation.2.gif */; };
		55BFAD682DC296770078B878 /* star.gif in Resources */ = {isa = PBXBuildFile; fileRef = 55BFAD672DC296760078B878 /* star.gif */; };
/* End PBXBuildFile section */

/* Begin PBXFileReference section */
		552AC9BB2DC28C690047A44C /* star_animation.GIF */ = {isa = PBXFileReference; lastKnownFileType = image.gif; path = star_animation.GIF; sourceTree = "<group>"; };
		555DD5F62DBFEB84009F51EE /* challenge4.app */ = {isa = PBXFileReference; explicitFileType = wrapper.application; includeInIndex = 0; path = challenge4.app; sourceTree = BUILT_PRODUCTS_DIR; };
		555DD5F92DBFEB84009F51EE /* challenge4App.swift */ = {isa = PBXFileReference; lastKnownFileType = sourcecode.swift; path = challenge4App.swift; sourceTree = "<group>"; };
		555DD5FB2DBFEB84009F51EE /* ContentView.swift */ = {isa = PBXFileReference; lastKnownFileType = sourcecode.swift; path = ContentView.swift; sourceTree = "<group>"; };
		555DD5FD2DBFEB86009F51EE /* Assets.xcassets */ = {isa = PBXFileReference; lastKnownFileType = folder.assetcatalog; path = Assets.xcassets; sourceTree = "<group>"; };
		555DD6002DBFEB86009F51EE /* Preview Assets.xcassets */ = {isa = PBXFileReference; lastKnownFileType = folder.assetcatalog; path = "Preview Assets.xcassets"; sourceTree = "<group>"; };
		55927B392DC13E0C00E2CAFD /* GifImage.swift */ = {isa = PBXFileReference; lastKnownFileType = sourcecode.swift; path = GifImage.swift; sourceTree = "<group>"; };
		55927B3B2DC14BE500E2CAFD /* CoreModelView.swift */ = {isa = PBXFileReference; lastKnownFileType = sourcecode.swift; path = CoreModelView.swift; sourceTree = "<group>"; };
		55927B3D2DC14DB400E2CAFD /* SignosClassifier.mlmodel */ = {isa = PBXFileReference; lastKnownFileType = file.mlmodel; path = SignosClassifier.mlmodel; sourceTree = "<group>"; };
		55BFAD652DC2917A0078B878 /* star.animation.2.gif */ = {isa = PBXFileReference; lastKnownFileType = image.gif; path = star.animation.2.gif; sourceTree = "<group>"; };
		55BFAD672DC296760078B878 /* star.gif */ = {isa = PBXFileReference; lastKnownFileType = image.gif; path = star.gif; sourceTree = "<group>"; };
/* End PBXFileReference section */

/* Begin PBXFrameworksBuildPhase section */
		555DD5F32DBFEB83009F51EE /* Frameworks */ = {
			isa = PBXFrameworksBuildPhase;
			buildActionMask = 2147483647;
			files = (
			);
			runOnlyForDeploymentPostprocessing = 0;
		};
/* End PBXFrameworksBuildPhase section */

/* Begin PBXGroup section */
		555DD5ED2DBFEB83009F51EE = {
			isa = PBXGroup;
			children = (
				555DD5F82DBFEB84009F51EE /* challenge4 */,
				555DD5F72DBFEB84009F51EE /* Products */,
			);
			sourceTree = "<group>";
		};
		555DD5F72DBFEB84009F51EE /* Products */ = {
			isa = PBXGroup;
			children = (
				555DD5F62DBFEB84009F51EE /* challenge4.app */,
			);
			name = Products;
			sourceTree = "<group>";
		};
		555DD5F82DBFEB84009F51EE /* challenge4 */ = {
			isa = PBXGroup;
			children = (
				555DD5F92DBFEB84009F51EE /* challenge4App.swift */,
				55927B392DC13E0C00E2CAFD /* GifImage.swift */,
				555DD5FB2DBFEB84009F51EE /* ContentView.swift */,
				555DD5FD2DBFEB86009F51EE /* Assets.xcassets */,
				55BFAD672DC296760078B878 /* star.gif */,
				55BFAD652DC2917A0078B878 /* star.animation.2.gif */,
				552AC9BB2DC28C690047A44C /* star_animation.GIF */,
				55927B3D2DC14DB400E2CAFD /* SignosClassifier.mlmodel */,
				55927B3B2DC14BE500E2CAFD /* CoreModelView.swift */,
				555DD5FF2DBFEB86009F51EE /* Preview Content */,
			);
			path = challenge4;
			sourceTree = "<group>";
		};
		555DD5FF2DBFEB86009F51EE /* Preview Content */ = {
			isa = PBXGroup;
			children = (
				555DD6002DBFEB86009F51EE /* Preview Assets.xcassets */,
			);
			path = "Preview Content";
			sourceTree = "<group>";
		};
/* End PBXGroup section */

/* Begin PBXNativeTarget section */
		555DD5F52DBFEB83009F51EE /* challenge4 */ = {
			isa = PBXNativeTarget;
			buildConfigurationList = 555DD6042DBFEB86009F51EE /* Build configuration list for PBXNativeTarget "challenge4" */;
			buildPhases = (
				555DD5F22DBFEB83009F51EE /* Sources */,
				555DD5F32DBFEB83009F51EE /* Frameworks */,
				555DD5F42DBFEB83009F51EE /* Resources */,
			);
			buildRules = (
			);
			dependencies = (
			);
			name = challenge4;
			productName = challenge4;
			productReference = 555DD5F62DBFEB84009F51EE /* challenge4.app */;
			productType = "com.apple.product-type.application";
		};
/* End PBXNativeTarget section */

/* Begin PBXProject section */
		555DD5EE2DBFEB83009F51EE /* Project object */ = {
			isa = PBXProject;
			attributes = {
				BuildIndependentTargetsInParallel = 1;
				LastSwiftUpdateCheck = 1520;
				LastUpgradeCheck = 1520;
				TargetAttributes = {
					555DD5F52DBFEB83009F51EE = {
						CreatedOnToolsVersion = 15.2;
					};
				};
			};
			buildConfigurationList = 555DD5F12DBFEB83009F51EE /* Build configuration list for PBXProject "challenge4" */;
			compatibilityVersion = "Xcode 14.0";
			developmentRegion = en;
			hasScannedForEncodings = 0;
			knownRegions = (
				en,
				Base,
			);
			mainGroup = 555DD5ED2DBFEB83009F51EE;
			productRefGroup = 555DD5F72DBFEB84009F51EE /* Products */;
			projectDirPath = "";
			projectRoot = "";
			targets = (
				555DD5F52DBFEB83009F51EE /* challenge4 */,
			);
		};
/* End PBXProject section */

/* Begin PBXResourcesBuildPhase section */
		555DD5F42DBFEB83009F51EE /* Resources */ = {
			isa = PBXResourcesBuildPhase;
			buildActionMask = 2147483647;
			files = (
				55BFAD662DC2917B0078B878 /* star.animation.2.gif in Resources */,
				552AC9BC2DC28C690047A44C /* star_animation.GIF in Resources */,
				555DD6012DBFEB86009F51EE /* Preview Assets.xcassets in Resources */,
				555DD5FE2DBFEB86009F51EE /* Assets.xcassets in Resources */,
				55BFAD682DC296770078B878 /* star.gif in Resources */,
			);
			runOnlyForDeploymentPostprocessing = 0;
		};
/* End PBXResourcesBuildPhase section */

/* Begin PBXSourcesBuildPhase section */
		555DD5F22DBFEB83009F51EE /* Sources */ = {
			isa = PBXSourcesBuildPhase;
			buildActionMask = 2147483647;
			files = (
				555DD5FC2DBFEB84009F51EE /* ContentView.swift in Sources */,
				55927B3E2DC14DB400E2CAFD /* SignosClassifier.mlmodel in Sources */,
				555DD5FA2DBFEB84009F51EE /* challenge4App.swift in Sources */,
				55927B3A2DC13E0C00E2CAFD /* GifImage.swift in Sources */,
				55927B3C2DC14BE500E2CAFD /* CoreModelView.swift in Sources */,
			);
			runOnlyForDeploymentPostprocessing = 0;
		};
/* End PBXSourcesBuildPhase section */

/* Begin XCBuildConfiguration section */
		555DD6022DBFEB86009F51EE /* Debug */ = {
			isa = XCBuildConfiguration;
			buildSettings = {
				ALWAYS_SEARCH_USER_PATHS = NO;
				ASSETCATALOG_COMPILER_GENERATE_SWIFT_ASSET_SYMBOL_EXTENSIONS = YES;
				CLANG_ANALYZER_NONNULL = YES;
				CLANG_ANALYZER_NUMBER_OBJECT_CONVERSION = YES_AGGRESSIVE;
				CLANG_CXX_LANGUAGE_STANDARD = "gnu++20";
				CLANG_ENABLE_MODULES = YES;
				CLANG_ENABLE_OBJC_ARC = YES;
				CLANG_ENABLE_OBJC_WEAK = YES;
				CLANG_WARN_BLOCK_CAPTURE_AUTORELEASING = YES;
				CLANG_WARN_BOOL_CONVERSION = YES;
				CLANG_WARN_COMMA = YES;
				CLANG_WARN_CONSTANT_CONVERSION = YES;
				CLANG_WARN_DEPRECATED_OBJC_IMPLEMENTATIONS = YES;
				CLANG_WARN_DIRECT_OBJC_ISA_USAGE = YES_ERROR;
				CLANG_WARN_DOCUMENTATION_COMMENTS = YES;
				CLANG_WARN_EMPTY_BODY = YES;
				CLANG_WARN_ENUM_CONVERSION = YES;
				CLANG_WARN_INFINITE_RECURSION = YES;
				CLANG_WARN_INT_CONVERSION = YES;
				CLANG_WARN_NON_LITERAL_NULL_CONVERSION = YES;
				CLANG_WARN_OBJC_IMPLICIT_RETAIN_SELF = YES;
				CLANG_WARN_OBJC_LITERAL_CONVERSION = YES;
				CLANG_WARN_OBJC_ROOT_CLASS = YES_ERROR;
				CLANG_WARN_QUOTED_INCLUDE_IN_FRAMEWORK_HEADER = YES;
				CLANG_WARN_RANGE_LOOP_ANALYSIS = YES;
				CLANG_WARN_STRICT_PROTOTYPES = YES;
				CLANG_WARN_SUSPICIOUS_MOVE = YES;
				CLANG_WARN_UNGUARDED_AVAILABILITY = YES_AGGRESSIVE;
				CLANG_WARN_UNREACHABLE_CODE = YES;
				CLANG_WARN__DUPLICATE_METHOD_MATCH = YES;
				COPY_PHASE_STRIP = NO;
				DEBUG_INFORMATION_FORMAT = dwarf;
				ENABLE_STRICT_OBJC_MSGSEND = YES;
				ENABLE_TESTABILITY = YES;
				ENABLE_USER_SCRIPT_SANDBOXING = YES;
				GCC_C_LANGUAGE_STANDARD = gnu17;
				GCC_DYNAMIC_NO_PIC = NO;
				GCC_NO_COMMON_BLOCKS = YES;
				GCC_OPTIMIZATION_LEVEL = 0;
				GCC_PREPROCESSOR_DEFINITIONS = (
					"DEBUG=1",
					"$(inherited)",
				);
				GCC_WARN_64_TO_32_BIT_CONVERSION = YES;
				GCC_WARN_ABOUT_RETURN_TYPE = YES_ERROR;
				GCC_WARN_UNDECLARED_SELECTOR = YES;
				GCC_WARN_UNINITIALIZED_AUTOS = YES_AGGRESSIVE;
				GCC_WARN_UNUSED_FUNCTION = YES;
				GCC_WARN_UNUSED_VARIABLE = YES;
				IPHONEOS_DEPLOYMENT_TARGET = 17.2;
				LOCALIZATION_PREFERS_STRING_CATALOGS = YES;
				MTL_ENABLE_DEBUG_INFO = INCLUDE_SOURCE;
				MTL_FAST_MATH = YES;
				ONLY_ACTIVE_ARCH = YES;
				SDKROOT = iphoneos;
				SWIFT_ACTIVE_COMPILATION_CONDITIONS = "DEBUG $(inherited)";
				SWIFT_OPTIMIZATION_LEVEL = "-Onone";
			};
			name = Debug;
		};
		555DD6032DBFEB86009F51EE /* Release */ = {
			isa = XCBuildConfiguration;
			buildSettings = {
				ALWAYS_SEARCH_USER_PATHS = NO;
				ASSETCATALOG_COMPILER_GENERATE_SWIFT_ASSET_SYMBOL_EXTENSIONS = YES;
				CLANG_ANALYZER_NONNULL = YES;
				CLANG_ANALYZER_NUMBER_OBJECT_CONVERSION = YES_AGGRESSIVE;
				CLANG_CXX_LANGUAGE_STANDARD = "gnu++20";
				CLANG_ENABLE_MODULES = YES;
				CLANG_ENABLE_OBJC_ARC = YES;
				CLANG_ENABLE_OBJC_WEAK = YES;
				CLANG_WARN_BLOCK_CAPTURE_AUTORELEASING = YES;
				CLANG_WARN_BOOL_CONVERSION = YES;
				CLANG_WARN_COMMA = YES;
				CLANG_WARN_CONSTANT_CONVERSION = YES;
				CLANG_WARN_DEPRECATED_OBJC_IMPLEMENTATIONS = YES;
				CLANG_WARN_DIRECT_OBJC_ISA_USAGE = YES_ERROR;
				CLANG_WARN_DOCUMENTATION_COMMENTS = YES;
				CLANG_WARN_EMPTY_BODY = YES;
				CLANG_WARN_ENUM_CONVERSION = YES;
				CLANG_WARN_INFINITE_RECURSION = YES;
				CLANG_WARN_INT_CONVERSION = YES;
				CLANG_WARN_NON_LITERAL_NULL_CONVERSION = YES;
				CLANG_WARN_OBJC_IMPLICIT_RETAIN_SELF = YES;
				CLANG_WARN_OBJC_LITERAL_CONVERSION = YES;
				CLANG_WARN_OBJC_ROOT_CLASS = YES_ERROR;
				CLANG_WARN_QUOTED_INCLUDE_IN_FRAMEWORK_HEADER = YES;
				CLANG_WARN_RANGE_LOOP_ANALYSIS = YES;
				CLANG_WARN_STRICT_PROTOTYPES = YES;
				CLANG_WARN_SUSPICIOUS_MOVE = YES;
				CLANG_WARN_UNGUARDED_AVAILABILITY = YES_AGGRESSIVE;
				CLANG_WARN_UNREACHABLE_CODE = YES;
				CLANG_WARN__DUPLICATE_METHOD_MATCH = YES;
				COPY_PHASE_STRIP = NO;
				DEBUG_INFORMATION_FORMAT = "dwarf-with-dsym";
				ENABLE_NS_ASSERTIONS = NO;
				ENABLE_STRICT_OBJC_MSGSEND = YES;
				ENABLE_USER_SCRIPT_SANDBOXING = YES;
				GCC_C_LANGUAGE_STANDARD = gnu17;
				GCC_NO_COMMON_BLOCKS = YES;
				GCC_WARN_64_TO_32_BIT_CONVERSION = YES;
				GCC_WARN_ABOUT_RETURN_TYPE = YES_ERROR;
				GCC_WARN_UNDECLARED_SELECTOR = YES;
				GCC_WARN_UNINITIALIZED_AUTOS = YES_AGGRESSIVE;
				GCC_WARN_UNUSED_FUNCTION = YES;
				GCC_WARN_UNUSED_VARIABLE = YES;
				IPHONEOS_DEPLOYMENT_TARGET = 17.2;
				LOCALIZATION_PREFERS_STRING_CATALOGS = YES;
				MTL_ENABLE_DEBUG_INFO = NO;
				MTL_FAST_MATH = YES;
				SDKROOT = iphoneos;
				SWIFT_COMPILATION_MODE = wholemodule;
				VALIDATE_PRODUCT = YES;
			};
			name = Release;
		};
		555DD6052DBFEB86009F51EE /* Debug */ = {
			isa = XCBuildConfiguration;
			buildSettings = {
				ASSETCATALOG_COMPILER_APPICON_NAME = AppIcon;
				ASSETCATALOG_COMPILER_GLOBAL_ACCENT_COLOR_NAME = AccentColor;
				CODE_SIGN_STYLE = Automatic;
				CURRENT_PROJECT_VERSION = 1;
				DEVELOPMENT_ASSET_PATHS = "\"challenge4/Preview Content\"";
				DEVELOPMENT_TEAM = 5Y23JF87AQ;
				ENABLE_PREVIEWS = YES;
				GENERATE_INFOPLIST_FILE = YES;
				INFOPLIST_KEY_UIApplicationSceneManifest_Generation = YES;
				INFOPLIST_KEY_UIApplicationSupportsIndirectInputEvents = YES;
				INFOPLIST_KEY_UILaunchScreen_Generation = YES;
				INFOPLIST_KEY_UISupportedInterfaceOrientations_iPad = "UIInterfaceOrientationPortrait UIInterfaceOrientationPortraitUpsideDown UIInterfaceOrientationLandscapeLeft UIInterfaceOrientationLandscapeRight";
				INFOPLIST_KEY_UISupportedInterfaceOrientations_iPhone = "UIInterfaceOrientationPortrait UIInterfaceOrientationLandscapeLeft UIInterfaceOrientationLandscapeRight";
				LD_RUNPATH_SEARCH_PATHS = (
					"$(inherited)",
					"@executable_path/Frameworks",
				);
				MARKETING_VERSION = 1.0;
				PRODUCT_BUNDLE_IDENTIFIER = "Ana-Sodre-Gisele-Toledo-Eduarda-Rodrigues.challenge4";
				PRODUCT_NAME = "$(TARGET_NAME)";
				SWIFT_EMIT_LOC_STRINGS = YES;
				SWIFT_VERSION = 5.0;
				TARGETED_DEVICE_FAMILY = "1,2";
			};
			name = Debug;
		};
		555DD6062DBFEB86009F51EE /* Release */ = {
			isa = XCBuildConfiguration;
			buildSettings = {
				ASSETCATALOG_COMPILER_APPICON_NAME = AppIcon;
				ASSETCATALOG_COMPILER_GLOBAL_ACCENT_COLOR_NAME = AccentColor;
				CODE_SIGN_STYLE = Automatic;
				CURRENT_PROJECT_VERSION = 1;
				DEVELOPMENT_ASSET_PATHS = "\"challenge4/Preview Content\"";
				DEVELOPMENT_TEAM = 5Y23JF87AQ;
				ENABLE_PREVIEWS = YES;
				GENERATE_INFOPLIST_FILE = YES;
				INFOPLIST_KEY_UIApplicationSceneManifest_Generation = YES;
				INFOPLIST_KEY_UIApplicationSupportsIndirectInputEvents = YES;
				INFOPLIST_KEY_UILaunchScreen_Generation = YES;
				INFOPLIST_KEY_UISupportedInterfaceOrientations_iPad = "UIInterfaceOrientationPortrait UIInterfaceOrientationPortraitUpsideDown UIInterfaceOrientationLandscapeLeft UIInterfaceOrientationLandscapeRight";
				INFOPLIST_KEY_UISupportedInterfaceOrientations_iPhone = "UIInterfaceOrientationPortrait UIInterfaceOrientationLandscapeLeft UIInterfaceOrientationLandscapeRight";
				LD_RUNPATH_SEARCH_PATHS = (
					"$(inherited)",
					"@executable_path/Frameworks",
				);
				MARKETING_VERSION = 1.0;
				PRODUCT_BUNDLE_IDENTIFIER = "Ana-Sodre-Gisele-Toledo-Eduarda-Rodrigues.challenge4";
				PRODUCT_NAME = "$(TARGET_NAME)";
				SWIFT_EMIT_LOC_STRINGS = YES;
				SWIFT_VERSION = 5.0;
				TARGETED_DEVICE_FAMILY = "1,2";
			};
			name = Release;
		};
/* End XCBuildConfiguration section */

/* Begin XCConfigurationList section */
		555DD5F12DBFEB83009F51EE /* Build configuration list for PBXProject "challenge4" */ = {
			isa = XCConfigurationList;
			buildConfigurations = (
				555DD6022DBFEB86009F51EE /* Debug */,
				555DD6032DBFEB86009F51EE /* Release */,
			);
			defaultConfigurationIsVisible = 0;
			defaultConfigurationName = Release;
		};
		555DD6042DBFEB86009F51EE /* Build configuration list for PBXNativeTarget "challenge4" */ = {
			isa = XCConfigurationList;
			buildConfigurations = (
				555DD6052DBFEB86009F51EE /* Debug */,
				555DD6062DBFEB86009F51EE /* Release */,
			);
			defaultConfigurationIsVisible = 0;
			defaultConfigurationName = Release;
		};
/* End XCConfigurationList section */
	};
	rootObject = 555DD5EE2DBFEB83009F51EE /* Project object */;
}
